// !$*UTF8*$!
{
	archiveVersion = 1;
	classes = {
	};
	objectVersion = 46;
	objects = {

/* Begin PBXBuildFile section */
		CA347E8218152A22003D261F /* Foundation.framework in Frameworks */ = {isa = PBXBuildFile; fileRef = CA347E8118152A22003D261F /* Foundation.framework */; };
		CA347E8418152A22003D261F /* CoreGraphics.framework in Frameworks */ = {isa = PBXBuildFile; fileRef = CA347E8318152A22003D261F /* CoreGraphics.framework */; };
		CA347E8618152A22003D261F /* UIKit.framework in Frameworks */ = {isa = PBXBuildFile; fileRef = CA347E8518152A22003D261F /* UIKit.framework */; };
		CA347E8C18152A22003D261F /* InfoPlist.strings in Resources */ = {isa = PBXBuildFile; fileRef = CA347E8A18152A22003D261F /* InfoPlist.strings */; };
		CA347E8E18152A22003D261F /* main.m in Sources */ = {isa = PBXBuildFile; fileRef = CA347E8D18152A22003D261F /* main.m */; };
		CA347E9218152A22003D261F /* AppDelegate.m in Sources */ = {isa = PBXBuildFile; fileRef = CA347E9118152A22003D261F /* AppDelegate.m */; };
		CA347E9518152A22003D261F /* Main_iPhone.storyboard in Resources */ = {isa = PBXBuildFile; fileRef = CA347E9318152A22003D261F /* Main_iPhone.storyboard */; };
		CA347E9818152A22003D261F /* Main_iPad.storyboard in Resources */ = {isa = PBXBuildFile; fileRef = CA347E9618152A22003D261F /* Main_iPad.storyboard */; };
		CA347E9B18152A22003D261F /* MainViewController.m in Sources */ = {isa = PBXBuildFile; fileRef = CA347E9A18152A22003D261F /* MainViewController.m */; };
		CA347E9E18152A22003D261F /* FlipsideViewController.m in Sources */ = {isa = PBXBuildFile; fileRef = CA347E9D18152A22003D261F /* FlipsideViewController.m */; };
		CA347EA018152A22003D261F /* Images.xcassets in Resources */ = {isa = PBXBuildFile; fileRef = CA347E9F18152A22003D261F /* Images.xcassets */; };
		CA347EA718152A22003D261F /* XCTest.framework in Frameworks */ = {isa = PBXBuildFile; fileRef = CA347EA618152A22003D261F /* XCTest.framework */; };
		CA347EA818152A22003D261F /* Foundation.framework in Frameworks */ = {isa = PBXBuildFile; fileRef = CA347E8118152A22003D261F /* Foundation.framework */; };
		CA347EA918152A22003D261F /* UIKit.framework in Frameworks */ = {isa = PBXBuildFile; fileRef = CA347E8518152A22003D261F /* UIKit.framework */; };
		CA347EB118152A22003D261F /* InfoPlist.strings in Resources */ = {isa = PBXBuildFile; fileRef = CA347EAF18152A22003D261F /* InfoPlist.strings */; };
		CA347EB318152A22003D261F /* Room_ControlTests.m in Sources */ = {isa = PBXBuildFile; fileRef = CA347EB218152A22003D261F /* Room_ControlTests.m */; };
		CA347ED518156323003D261F /* bokeh.jpg in Resources */ = {isa = PBXBuildFile; fileRef = CA347ED418156323003D261F /* bokeh.jpg */; };
/* End PBXBuildFile section */

/* Begin PBXContainerItemProxy section */
		CA347EAA18152A22003D261F /* PBXContainerItemProxy */ = {
			isa = PBXContainerItemProxy;
			containerPortal = CA347E7618152A22003D261F /* Project object */;
			proxyType = 1;
			remoteGlobalIDString = CA347E7D18152A22003D261F;
			remoteInfo = "Room Control";
		};
/* End PBXContainerItemProxy section */

/* Begin PBXFileReference section */
		CA347E7E18152A22003D261F /* Room Control.app */ = {isa = PBXFileReference; explicitFileType = wrapper.application; includeInIndex = 0; path = "Room Control.app"; sourceTree = BUILT_PRODUCTS_DIR; };
		CA347E8118152A22003D261F /* Foundation.framework */ = {isa = PBXFileReference; lastKnownFileType = wrapper.framework; name = Foundation.framework; path = System/Library/Frameworks/Foundation.framework; sourceTree = SDKROOT; };
		CA347E8318152A22003D261F /* CoreGraphics.framework */ = {isa = PBXFileReference; lastKnownFileType = wrapper.framework; name = CoreGraphics.framework; path = System/Library/Frameworks/CoreGraphics.framework; sourceTree = SDKROOT; };
		CA347E8518152A22003D261F /* UIKit.framework */ = {isa = PBXFileReference; lastKnownFileType = wrapper.framework; name = UIKit.framework; path = System/Library/Frameworks/UIKit.framework; sourceTree = SDKROOT; };
		CA347E8918152A22003D261F /* Room Control-Info.plist */ = {isa = PBXFileReference; lastKnownFileType = text.plist.xml; path = "Room Control-Info.plist"; sourceTree = "<group>"; };
		CA347E8B18152A22003D261F /* en */ = {isa = PBXFileReference; lastKnownFileType = text.plist.strings; name = en; path = en.lproj/InfoPlist.strings; sourceTree = "<group>"; };
		CA347E8D18152A22003D261F /* main.m */ = {isa = PBXFileReference; lastKnownFileType = sourcecode.c.objc; path = main.m; sourceTree = "<group>"; };
		CA347E8F18152A22003D261F /* Room Control-Prefix.pch */ = {isa = PBXFileReference; lastKnownFileType = sourcecode.c.h; path = "Room Control-Prefix.pch"; sourceTree = "<group>"; };
		CA347E9018152A22003D261F /* AppDelegate.h */ = {isa = PBXFileReference; lastKnownFileType = sourcecode.c.h; path = AppDelegate.h; sourceTree = "<group>"; };
		CA347E9118152A22003D261F /* AppDelegate.m */ = {isa = PBXFileReference; lastKnownFileType = sourcecode.c.objc; path = AppDelegate.m; sourceTree = "<group>"; };
		CA347E9418152A22003D261F /* Base */ = {isa = PBXFileReference; lastKnownFileType = file.storyboard; name = Base; path = Base.lproj/Main_iPhone.storyboard; sourceTree = "<group>"; };
		CA347E9718152A22003D261F /* Base */ = {isa = PBXFileReference; lastKnownFileType = file.storyboard; name = Base; path = Base.lproj/Main_iPad.storyboard; sourceTree = "<group>"; };
		CA347E9918152A22003D261F /* MainViewController.h */ = {isa = PBXFileReference; lastKnownFileType = sourcecode.c.h; path = MainViewController.h; sourceTree = "<group>"; };
		CA347E9A18152A22003D261F /* MainViewController.m */ = {isa = PBXFileReference; lastKnownFileType = sourcecode.c.objc; path = MainViewController.m; sourceTree = "<group>"; };
		CA347E9C18152A22003D261F /* FlipsideViewController.h */ = {isa = PBXFileReference; lastKnownFileType = sourcecode.c.h; path = FlipsideViewController.h; sourceTree = "<group>"; };
		CA347E9D18152A22003D261F /* FlipsideViewController.m */ = {isa = PBXFileReference; lastKnownFileType = sourcecode.c.objc; path = FlipsideViewController.m; sourceTree = "<group>"; };
		CA347E9F18152A22003D261F /* Images.xcassets */ = {isa = PBXFileReference; lastKnownFileType = folder.assetcatalog; path = Images.xcassets; sourceTree = "<group>"; };
		CA347EA518152A22003D261F /* Room ControlTests.xctest */ = {isa = PBXFileReference; explicitFileType = wrapper.cfbundle; includeInIndex = 0; path = "Room ControlTests.xctest"; sourceTree = BUILT_PRODUCTS_DIR; };
		CA347EA618152A22003D261F /* XCTest.framework */ = {isa = PBXFileReference; lastKnownFileType = wrapper.framework; name = XCTest.framework; path = Library/Frameworks/XCTest.framework; sourceTree = DEVELOPER_DIR; };
		CA347EAE18152A22003D261F /* Room ControlTests-Info.plist */ = {isa = PBXFileReference; lastKnownFileType = text.plist.xml; path = "Room ControlTests-Info.plist"; sourceTree = "<group>"; };
		CA347EB018152A22003D261F /* en */ = {isa = PBXFileReference; lastKnownFileType = text.plist.strings; name = en; path = en.lproj/InfoPlist.strings; sourceTree = "<group>"; };
		CA347EB218152A22003D261F /* Room_ControlTests.m */ = {isa = PBXFileReference; lastKnownFileType = sourcecode.c.objc; path = Room_ControlTests.m; sourceTree = "<group>"; };
		CA347ED418156323003D261F /* bokeh.jpg */ = {isa = PBXFileReference; lastKnownFileType = image.jpeg; path = bokeh.jpg; sourceTree = "<group>"; };
/* End PBXFileReference section */

/* Begin PBXFrameworksBuildPhase section */
		CA347E7B18152A22003D261F /* Frameworks */ = {
			isa = PBXFrameworksBuildPhase;
			buildActionMask = 2147483647;
			files = (
				CA347E8418152A22003D261F /* CoreGraphics.framework in Frameworks */,
				CA347E8618152A22003D261F /* UIKit.framework in Frameworks */,
				CA347E8218152A22003D261F /* Foundation.framework in Frameworks */,
			);
			runOnlyForDeploymentPostprocessing = 0;
		};
		CA347EA218152A22003D261F /* Frameworks */ = {
			isa = PBXFrameworksBuildPhase;
			buildActionMask = 2147483647;
			files = (
				CA347EA718152A22003D261F /* XCTest.framework in Frameworks */,
				CA347EA918152A22003D261F /* UIKit.framework in Frameworks */,
				CA347EA818152A22003D261F /* Foundation.framework in Frameworks */,
			);
			runOnlyForDeploymentPostprocessing = 0;
		};
/* End PBXFrameworksBuildPhase section */

/* Begin PBXGroup section */
		CA347E7518152A22003D261F = {
			isa = PBXGroup;
			children = (
				CA347E8718152A22003D261F /* Room Control */,
				CA347EAC18152A22003D261F /* Room ControlTests */,
				CA347E8018152A22003D261F /* Frameworks */,
				CA347E7F18152A22003D261F /* Products */,
			);
			sourceTree = "<group>";
		};
		CA347E7F18152A22003D261F /* Products */ = {
			isa = PBXGroup;
			children = (
				CA347E7E18152A22003D261F /* Room Control.app */,
				CA347EA518152A22003D261F /* Room ControlTests.xctest */,
			);
			name = Products;
			sourceTree = "<group>";
		};
		CA347E8018152A22003D261F /* Frameworks */ = {
			isa = PBXGroup;
			children = (
				CA347E8118152A22003D261F /* Foundation.framework */,
				CA347E8318152A22003D261F /* CoreGraphics.framework */,
				CA347E8518152A22003D261F /* UIKit.framework */,
				CA347EA618152A22003D261F /* XCTest.framework */,
			);
			name = Frameworks;
			sourceTree = "<group>";
		};
		CA347E8718152A22003D261F /* Room Control */ = {
			isa = PBXGroup;
			children = (
				CA347ED418156323003D261F /* bokeh.jpg */,
				CA347E9018152A22003D261F /* AppDelegate.h */,
				CA347E9118152A22003D261F /* AppDelegate.m */,
				CA347E9318152A22003D261F /* Main_iPhone.storyboard */,
				CA347E9618152A22003D261F /* Main_iPad.storyboard */,
				CA347E9918152A22003D261F /* MainViewController.h */,
				CA347E9A18152A22003D261F /* MainViewController.m */,
				CA347E9C18152A22003D261F /* FlipsideViewController.h */,
				CA347E9D18152A22003D261F /* FlipsideViewController.m */,
				CA347E9F18152A22003D261F /* Images.xcassets */,
				CA347E8818152A22003D261F /* Supporting Files */,
			);
			path = "Room Control";
			sourceTree = "<group>";
		};
		CA347E8818152A22003D261F /* Supporting Files */ = {
			isa = PBXGroup;
			children = (
				CA347E8918152A22003D261F /* Room Control-Info.plist */,
				CA347E8A18152A22003D261F /* InfoPlist.strings */,
				CA347E8D18152A22003D261F /* main.m */,
				CA347E8F18152A22003D261F /* Room Control-Prefix.pch */,
			);
			name = "Supporting Files";
			sourceTree = "<group>";
		};
		CA347EAC18152A22003D261F /* Room ControlTests */ = {
			isa = PBXGroup;
			children = (
				CA347EB218152A22003D261F /* Room_ControlTests.m */,
				CA347EAD18152A22003D261F /* Supporting Files */,
			);
			path = "Room ControlTests";
			sourceTree = "<group>";
		};
		CA347EAD18152A22003D261F /* Supporting Files */ = {
			isa = PBXGroup;
			children = (
				CA347EAE18152A22003D261F /* Room ControlTests-Info.plist */,
				CA347EAF18152A22003D261F /* InfoPlist.strings */,
			);
			name = "Supporting Files";
			sourceTree = "<group>";
		};
/* End PBXGroup section */

/* Begin PBXNativeTarget section */
		CA347E7D18152A22003D261F /* Room Control */ = {
			isa = PBXNativeTarget;
			buildConfigurationList = CA347EB618152A22003D261F /* Build configuration list for PBXNativeTarget "Room Control" */;
			buildPhases = (
				CA347E7A18152A22003D261F /* Sources */,
				CA347E7B18152A22003D261F /* Frameworks */,
				CA347E7C18152A22003D261F /* Resources */,
			);
			buildRules = (
			);
			dependencies = (
			);
			name = "Room Control";
			productName = "Room Control";
			productReference = CA347E7E18152A22003D261F /* Room Control.app */;
			productType = "com.apple.product-type.application";
		};
		CA347EA418152A22003D261F /* Room ControlTests */ = {
			isa = PBXNativeTarget;
			buildConfigurationList = CA347EB918152A22003D261F /* Build configuration list for PBXNativeTarget "Room ControlTests" */;
			buildPhases = (
				CA347EA118152A22003D261F /* Sources */,
				CA347EA218152A22003D261F /* Frameworks */,
				CA347EA318152A22003D261F /* Resources */,
			);
			buildRules = (
			);
			dependencies = (
				CA347EAB18152A22003D261F /* PBXTargetDependency */,
			);
			name = "Room ControlTests";
			productName = "Room ControlTests";
			productReference = CA347EA518152A22003D261F /* Room ControlTests.xctest */;
			productType = "com.apple.product-type.bundle.unit-test";
		};
/* End PBXNativeTarget section */

/* Begin PBXProject section */
		CA347E7618152A22003D261F /* Project object */ = {
			isa = PBXProject;
			attributes = {
				LastUpgradeCheck = 0500;
				ORGANIZATIONNAME = "Alex Forey";
				TargetAttributes = {
					CA347EA418152A22003D261F = {
						TestTargetID = CA347E7D18152A22003D261F;
					};
				};
			};
			buildConfigurationList = CA347E7918152A22003D261F /* Build configuration list for PBXProject "Room Control" */;
			compatibilityVersion = "Xcode 3.2";
			developmentRegion = English;
			hasScannedForEncodings = 0;
			knownRegions = (
				en,
				Base,
			);
			mainGroup = CA347E7518152A22003D261F;
			productRefGroup = CA347E7F18152A22003D261F /* Products */;
			projectDirPath = "";
			projectRoot = "";
			targets = (
				CA347E7D18152A22003D261F /* Room Control */,
				CA347EA418152A22003D261F /* Room ControlTests */,
			);
		};
/* End PBXProject section */

/* Begin PBXResourcesBuildPhase section */
		CA347E7C18152A22003D261F /* Resources */ = {
			isa = PBXResourcesBuildPhase;
			buildActionMask = 2147483647;
			files = (
				CA347E9818152A22003D261F /* Main_iPad.storyboard in Resources */,
				CA347EA018152A22003D261F /* Images.xcassets in Resources */,
				CA347ED518156323003D261F /* bokeh.jpg in Resources */,
				CA347E9518152A22003D261F /* Main_iPhone.storyboard in Resources */,
				CA347E8C18152A22003D261F /* InfoPlist.strings in Resources */,
			);
			runOnlyForDeploymentPostprocessing = 0;
		};
		CA347EA318152A22003D261F /* Resources */ = {
			isa = PBXResourcesBuildPhase;
			buildActionMask = 2147483647;
			files = (
				CA347EB118152A22003D261F /* InfoPlist.strings in Resources */,
			);
			runOnlyForDeploymentPostprocessing = 0;
		};
/* End PBXResourcesBuildPhase section */

/* Begin PBXSourcesBuildPhase section */
		CA347E7A18152A22003D261F /* Sources */ = {
			isa = PBXSourcesBuildPhase;
			buildActionMask = 2147483647;
			files = (
				CA347E9218152A22003D261F /* AppDelegate.m in Sources */,
				CA347E9B18152A22003D261F /* MainViewController.m in Sources */,
				CA347E9E18152A22003D261F /* FlipsideViewController.m in Sources */,
				CA347E8E18152A22003D261F /* main.m in Sources */,
			);
			runOnlyForDeploymentPostprocessing = 0;
		};
		CA347EA118152A22003D261F /* Sources */ = {
			isa = PBXSourcesBuildPhase;
			buildActionMask = 2147483647;
			files = (
				CA347EB318152A22003D261F /* Room_ControlTests.m in Sources */,
			);
			runOnlyForDeploymentPostprocessing = 0;
		};
/* End PBXSourcesBuildPhase section */

/* Begin PBXTargetDependency section */
		CA347EAB18152A22003D261F /* PBXTargetDependency */ = {
			isa = PBXTargetDependency;
			target = CA347E7D18152A22003D261F /* Room Control */;
			targetProxy = CA347EAA18152A22003D261F /* PBXContainerItemProxy */;
		};
/* End PBXTargetDependency section */

/* Begin PBXVariantGroup section */
		CA347E8A18152A22003D261F /* InfoPlist.strings */ = {
			isa = PBXVariantGroup;
			children = (
				CA347E8B18152A22003D261F /* en */,
			);
			name = InfoPlist.strings;
			sourceTree = "<group>";
		};
		CA347E9318152A22003D261F /* Main_iPhone.storyboard */ = {
			isa = PBXVariantGroup;
			children = (
				CA347E9418152A22003D261F /* Base */,
			);
			name = Main_iPhone.storyboard;
			sourceTree = "<group>";
		};
		CA347E9618152A22003D261F /* Main_iPad.storyboard */ = {
			isa = PBXVariantGroup;
			children = (
				CA347E9718152A22003D261F /* Base */,
			);
			name = Main_iPad.storyboard;
			sourceTree = "<group>";
		};
		CA347EAF18152A22003D261F /* InfoPlist.strings */ = {
			isa = PBXVariantGroup;
			children = (
				CA347EB018152A22003D261F /* en */,
			);
			name = InfoPlist.strings;
			sourceTree = "<group>";
		};
/* End PBXVariantGroup section */

/* Begin XCBuildConfiguration section */
		CA347EB418152A22003D261F /* Debug */ = {
			isa = XCBuildConfiguration;
			buildSettings = {
				ALWAYS_SEARCH_USER_PATHS = NO;
				ARCHS = "$(ARCHS_STANDARD_INCLUDING_64_BIT)";
				CLANG_CXX_LANGUAGE_STANDARD = "gnu++0x";
				CLANG_CXX_LIBRARY = "libc++";
				CLANG_ENABLE_MODULES = YES;
				CLANG_ENABLE_OBJC_ARC = YES;
				CLANG_WARN_BOOL_CONVERSION = YES;
				CLANG_WARN_CONSTANT_CONVERSION = YES;
				CLANG_WARN_DIRECT_OBJC_ISA_USAGE = YES_ERROR;
				CLANG_WARN_EMPTY_BODY = YES;
				CLANG_WARN_ENUM_CONVERSION = YES;
				CLANG_WARN_INT_CONVERSION = YES;
				CLANG_WARN_OBJC_ROOT_CLASS = YES_ERROR;
				CLANG_WARN__DUPLICATE_METHOD_MATCH = YES;
				"CODE_SIGN_IDENTITY[sdk=iphoneos*]" = "iPhone Developer";
				COPY_PHASE_STRIP = NO;
				GCC_C_LANGUAGE_STANDARD = gnu99;
				GCC_DYNAMIC_NO_PIC = NO;
				GCC_OPTIMIZATION_LEVEL = 0;
				GCC_PREPROCESSOR_DEFINITIONS = (
					"DEBUG=1",
					"$(inherited)",
				);
				GCC_SYMBOLS_PRIVATE_EXTERN = NO;
				GCC_WARN_64_TO_32_BIT_CONVERSION = YES;
				GCC_WARN_ABOUT_RETURN_TYPE = YES_ERROR;
				GCC_WARN_UNDECLARED_SELECTOR = YES;
				GCC_WARN_UNINITIALIZED_AUTOS = YES;
				GCC_WARN_UNUSED_FUNCTION = YES;
				GCC_WARN_UNUSED_VARIABLE = YES;
				IPHONEOS_DEPLOYMENT_TARGET = 7.0;
				ONLY_ACTIVE_ARCH = YES;
				SDKROOT = iphoneos;
				TARGETED_DEVICE_FAMILY = "1,2";
			};
			name = Debug;
		};
		CA347EB518152A22003D261F /* Release */ = {
			isa = XCBuildConfiguration;
			buildSettings = {
				ALWAYS_SEARCH_USER_PATHS = NO;
				ARCHS = "$(ARCHS_STANDARD_INCLUDING_64_BIT)";
				CLANG_CXX_LANGUAGE_STANDARD = "gnu++0x";
				CLANG_CXX_LIBRARY = "libc++";
				CLANG_ENABLE_MODULES = YES;
				CLANG_ENABLE_OBJC_ARC = YES;
				CLANG_WARN_BOOL_CONVERSION = YES;
				CLANG_WARN_CONSTANT_CONVERSION = YES;
				CLANG_WARN_DIRECT_OBJC_ISA_USAGE = YES_ERROR;
				CLANG_WARN_EMPTY_BODY = YES;
				CLANG_WARN_ENUM_CONVERSION = YES;
				CLANG_WARN_INT_CONVERSION = YES;
				CLANG_WARN_OBJC_ROOT_CLASS = YES_ERROR;
				CLANG_WARN__DUPLICATE_METHOD_MATCH = YES;
				"CODE_SIGN_IDENTITY[sdk=iphoneos*]" = "iPhone Developer";
				COPY_PHASE_STRIP = YES;
				ENABLE_NS_ASSERTIONS = NO;
				GCC_C_LANGUAGE_STANDARD = gnu99;
				GCC_WARN_64_TO_32_BIT_CONVERSION = YES;
				GCC_WARN_ABOUT_RETURN_TYPE = YES_ERROR;
				GCC_WARN_UNDECLARED_SELECTOR = YES;
				GCC_WARN_UNINITIALIZED_AUTOS = YES;
				GCC_WARN_UNUSED_FUNCTION = YES;
				GCC_WARN_UNUSED_VARIABLE = YES;
				IPHONEOS_DEPLOYMENT_TARGET = 7.0;
				SDKROOT = iphoneos;
				TARGETED_DEVICE_FAMILY = "1,2";
				VALIDATE_PRODUCT = YES;
			};
			name = Release;
		};
		CA347EB718152A22003D261F /* Debug */ = {
			isa = XCBuildConfiguration;
			buildSettings = {
				ASSETCATALOG_COMPILER_APPICON_NAME = AppIcon;
				ASSETCATALOG_COMPILER_LAUNCHIMAGE_NAME = LaunchImage;
				CODE_SIGN_IDENTITY = "iPhone Developer";
				GCC_PRECOMPILE_PREFIX_HEADER = YES;
				GCC_PREFIX_HEADER = "Room Control/Room Control-Prefix.pch";
				INFOPLIST_FILE = "Room Control/Room Control-Info.plist";
				PRODUCT_NAME = "$(TARGET_NAME)";
				WRAPPER_EXTENSION = app;
			};
			name = Debug;
		};
		CA347EB818152A22003D261F /* Release */ = {
			isa = XCBuildConfiguration;
			buildSettings = {
				ASSETCATALOG_COMPILER_APPICON_NAME = AppIcon;
				ASSETCATALOG_COMPILER_LAUNCHIMAGE_NAME = LaunchImage;
				CODE_SIGN_IDENTITY = "iPhone Developer";
				GCC_PRECOMPILE_PREFIX_HEADER = YES;
				GCC_PREFIX_HEADER = "Room Control/Room Control-Prefix.pch";
				INFOPLIST_FILE = "Room Control/Room Control-Info.plist";
				PRODUCT_NAME = "$(TARGET_NAME)";
				WRAPPER_EXTENSION = app;
			};
			name = Release;
		};
		CA347EBA18152A22003D261F /* Debug */ = {
			isa = XCBuildConfiguration;
			buildSettings = {
				ARCHS = "$(ARCHS_STANDARD_INCLUDING_64_BIT)";
				BUNDLE_LOADER = "$(BUILT_PRODUCTS_DIR)/Room Control.app/Room Control";
				FRAMEWORK_SEARCH_PATHS = (
					"$(SDKROOT)/Developer/Library/Frameworks",
					"$(inherited)",
					"$(DEVELOPER_FRAMEWORKS_DIR)",
				);
				GCC_PRECOMPILE_PREFIX_HEADER = YES;
				GCC_PREFIX_HEADER = "Room Control/Room Control-Prefix.pch";
				GCC_PREPROCESSOR_DEFINITIONS = (
					"DEBUG=1",
					"$(inherited)",
				);
				INFOPLIST_FILE = "Room ControlTests/Room ControlTests-Info.plist";
				PRODUCT_NAME = "$(TARGET_NAME)";
				TEST_HOST = "$(BUNDLE_LOADER)";
				WRAPPER_EXTENSION = xctest;
			};
			name = Debug;
		};
		CA347EBB18152A22003D261F /* Release */ = {
			isa = XCBuildConfiguration;
			buildSettings = {
				ARCHS = "$(ARCHS_STANDARD_INCLUDING_64_BIT)";
				BUNDLE_LOADER = "$(BUILT_PRODUCTS_DIR)/Room Control.app/Room Control";
				FRAMEWORK_SEARCH_PATHS = (
					"$(SDKROOT)/Developer/Library/Frameworks",
					"$(inherited)",
					"$(DEVELOPER_FRAMEWORKS_DIR)",
				);
				GCC_PRECOMPILE_PREFIX_HEADER = YES;
				GCC_PREFIX_HEADER = "Room Control/Room Control-Prefix.pch";
				INFOPLIST_FILE = "Room ControlTests/Room ControlTests-Info.plist";
				PRODUCT_NAME = "$(TARGET_NAME)";
				TEST_HOST = "$(BUNDLE_LOADER)";
				WRAPPER_EXTENSION = xctest;
			};
			name = Release;
		};
/* End XCBuildConfiguration section */

/* Begin XCConfigurationList section */
		CA347E7918152A22003D261F /* Build configuration list for PBXProject "Room Control" */ = {
			isa = XCConfigurationList;
			buildConfigurations = (
				CA347EB418152A22003D261F /* Debug */,
				CA347EB518152A22003D261F /* Release */,
			);
			defaultConfigurationIsVisible = 0;
			defaultConfigurationName = Release;
		};
		CA347EB618152A22003D261F /* Build configuration list for PBXNativeTarget "Room Control" */ = {
			isa = XCConfigurationList;
			buildConfigurations = (
				CA347EB718152A22003D261F /* Debug */,
				CA347EB818152A22003D261F /* Release */,
			);
			defaultConfigurationIsVisible = 0;
		};
		CA347EB918152A22003D261F /* Build configuration list for PBXNativeTarget "Room ControlTests" */ = {
			isa = XCConfigurationList;
			buildConfigurations = (
				CA347EBA18152A22003D261F /* Debug */,
				CA347EBB18152A22003D261F /* Release */,
			);
			defaultConfigurationIsVisible = 0;
		};
/* End XCConfigurationList section */
	};
	rootObject = CA347E7618152A22003D261F /* Project object */;
}
